lockfileVersion: '9.0'

settings:
  autoInstallPeers: true
  excludeLinksFromLockfile: false

importers:

  .: {}

  apps/mock-producer:
    dependencies:
      '@vtorn/spec':
        specifier: workspace:*
        version: link:../../packages/spec

  apps/web:
    dependencies:
      '@vtorn/spec':
        specifier: workspace:*
        version: link:../../packages/spec

  packages/avatar: {}

  packages/spec: {}
